
Microsoft Visual Studio Solution File, Format Version 12.00
# Visual Studio Version 16
VisualStudioVersion = 25.0.1706.11
MinimumVisualStudioVersion = 10.0.40219.1
Project("{FAE04EC0-301F-11D3-BF4B-00C04F79EFBC}") = "Project", "Project\Project.csproj", "{27FEC432-BB56-4D89-9453-2F884848B277}"
EndProject
Global
	GlobalSection(SolutionConfigurationPlatforms) = preSolution
		Debug|Any CPU = Debug|Any CPU
		Release|Any CPU = Release|Any CPU
	EndGlobalSection
	GlobalSection(ProjectConfigurationPlatforms) = postSolution
		{27FEC432-BB56-4D89-9453-2F884848B277}.Debug|Any CPU.ActiveCfg = Debug|Any CPU
		{27FEC432-BB56-4D89-9453-2F884848B277}.Debug|Any CPU.Build.0 = Debug|Any CPU
		{27FEC432-BB56-4D89-9453-2F884848B277}.Release|Any CPU.ActiveCfg = Release|Any CPU
		{27FEC432-BB56-4D89-9453-2F884848B277}.Release|Any CPU.Build.0 = Release|Any CPU
	EndGlobalSection
	GlobalSection(SolutionProperties) = preSolution
		HideSolutionNode = FALSE
	EndGlobalSection
	GlobalSection(ExtensibilityGlobals) = postSolution
		SolutionGuid = {8DB069F7-697A-4BC6-A347-54E41FEC8846}
	EndGlobalSection
EndGlobal
